# THIS IS AN AUTOGENERATED FILE. DO NOT EDIT THIS FILE DIRECTLY.
# yarn lockfile v1


balanced-match@^1.0.0:
  version "1.0.0"
  resolved "http://registry.npm.taobao.org/balanced-match/download/balanced-match-1.0.0.tgz#89b4d199ab2bee49de164ea02b89ce462d71b767"

brace-expansion@^1.1.7:
  version "1.1.8"
  resolved "http://registry.npm.taobao.org/brace-expansion/download/brace-expansion-1.1.8.tgz#c07b211c7c952ec1f8efd51a77ef0d1d3990a292"
  dependencies:
    balanced-match "^1.0.0"
    concat-map "0.0.1"

cbml@^0.2.8:
  version "0.2.9"
  resolved "http://registry.npm.taobao.org/cbml/download/cbml-0.2.9.tgz#f90004e8740d93d53b878daddb752060e09169b5"
  dependencies:
    colors "^1.0.3"
    mkdirp "^0.5.0"
    optimist "^0.6.1"

colors@^1.0.3:
  version "1.1.2"
  resolved "http://registry.npm.taobao.org/colors/download/colors-1.1.2.tgz#168a4701756b6a7f51a12ce0c97bfa28c084ed63"

concat-map@0.0.1:
  version "0.0.1"
  resolved "http://registry.npm.taobao.org/concat-map/download/concat-map-0.0.1.tgz#d8a96bd77fd68df7793a73036a3ba0d5405d477b"

ejs@^1.0.0:
  version "1.0.0"
  resolved "http://registry.npm.taobao.org/ejs/download/ejs-1.0.0.tgz#c9c60a48a46ee452fb32a71c317b95e5aa1fcb3d"

fis-parser-jdists@^2.0.17:
  version "2.1.7"
  resolved "http://registry.npm.taobao.org/fis-parser-jdists/download/fis-parser-jdists-2.1.7.tgz#fb2c1088e73c4abc965f03873ff633e53d6438f6"
  dependencies:
    jdists "^2.1.7"

glob@^5.0.5:
  version "5.0.15"
  resolved "http://registry.npm.taobao.org/glob/download/glob-5.0.15.tgz#1bc936b9e02f4a603fcc222ecf7633d30b8b93b1"
  dependencies:
    inflight "^1.0.4"
    inherits "2"
    minimatch "2 || 3"
    once "^1.3.0"
    path-is-absolute "^1.0.0"

inflight@^1.0.4:
  version "1.0.6"
  resolved "http://registry.npm.taobao.org/inflight/download/inflight-1.0.6.tgz#49bd6331d7d02d0c09bc910a1075ba8165b56df9"
  dependencies:
    once "^1.3.0"
    wrappy "1"

inherits@2:
  version "2.0.3"
  resolved "http://registry.npm.taobao.org/inherits/download/inherits-2.0.3.tgz#633c2c83e3da42a502f52466022480f4208261de"

jdists@^2.1.7:
  version "2.2.0"
  resolved "http://registry.npm.taobao.org/jdists/download/jdists-2.2.0.tgz#37418ef0fb83c2f341bc773fcf2b6e8986508803"
  dependencies:
    cbml "^0.2.8"
    colors "^1.0.3"
    ejs "^1.0.0"
    glob "^5.0.5"
    jhtmls "^1.2.2"
    jphps "^0.0.11"
    jsets "^0.0.3"
    minimatch "^3.0.2"
    mkdirp "^0.5.1"
    optimist "^0.6.1"

jhtmls@^1.2.2:
  version "1.2.2"
  resolved "http://registry.npm.taobao.org/jhtmls/download/jhtmls-1.2.2.tgz#8b88627a8af90dce1d230ffe4633114189d36f3a"

jphps@^0.0.11:
  version "0.0.11"
  resolved "http://registry.npm.taobao.org/jphps/download/jphps-0.0.11.tgz#98b4cb2d44eb806fafdfe9b8cd1cc1033098c68d"

jsets@^0.0.3:
  version "0.0.3"
  resolved "http://registry.npm.taobao.org/jsets/download/jsets-0.0.3.tgz#7cf1f9d6fbc10b263fa4b71c66e60b45bbe511e4"

"minimatch@2 || 3", minimatch@^3.0.2:
  version "3.0.4"
  resolved "http://registry.npm.taobao.org/minimatch/download/minimatch-3.0.4.tgz#5166e286457f03306064be5497e8dbb0c3d32083"
  dependencies:
    brace-expansion "^1.1.7"

minimist@0.0.8:
  version "0.0.8"
  resolved "http://registry.npm.taobao.org/minimist/download/minimist-0.0.8.tgz#857fcabfc3397d2625b8228262e86aa7a011b05d"

minimist@~0.0.1:
  version "0.0.10"
  resolved "http://registry.npm.taobao.org/minimist/download/minimist-0.0.10.tgz#de3f98543dbf96082be48ad1a0c7cda836301dcf"

mkdirp@^0.5.0, mkdirp@^0.5.1:
  version "0.5.1"
  resolved "http://registry.npm.taobao.org/mkdirp/download/mkdirp-0.5.1.tgz#30057438eac6cf7f8c4767f38648d6697d75c903"
  dependencies:
    minimist "0.0.8"

once@^1.3.0:
  version "1.4.0"
  resolved "http://registry.npm.taobao.org/once/download/once-1.4.0.tgz#583b1aa775961d4b113ac17d9c50baef9dd76bd1"
  dependencies:
    wrappy "1"

optimist@^0.6.1:
  version "0.6.1"
  resolved "http://registry.npm.taobao.org/optimist/download/optimist-0.6.1.tgz#da3ea74686fa21a19a111c326e90eb15a0196686"
  dependencies:
    minimist "~0.0.1"
    wordwrap "~0.0.2"

path-is-absolute@^1.0.0:
  version "1.0.1"
  resolved "http://registry.npm.taobao.org/path-is-absolute/download/path-is-absolute-1.0.1.tgz#174b9268735534ffbc7ace6bf53a5a9e1b5c5f5f"

wordwrap@~0.0.2:
  version "0.0.3"
  resolved "http://registry.npm.taobao.org/wordwrap/download/wordwrap-0.0.3.tgz#a3d5da6cd5c0bc0008d37234bbaf1bed63059107"

wrappy@1:
  version "1.0.2"
  resolved "http://registry.npm.taobao.org/wrappy/download/wrappy-1.0.2.tgz#b5243d8f3ec1aa35f1364605bc0d1036e30ab69f"
